
Microsoft Visual Studio Solution File, Format Version 12.00
# Visual Studio 15
Project("{FAE04EC0-301F-11D3-BF4B-00C04F79EFBC}") = "FishNet.Runtime", "FishNet.Runtime.csproj", "{CD95D3E5-21B6-C38C-4186-4F4D5C84B7EC}"
EndProject
Project("{FAE04EC0-301F-11D3-BF4B-00C04F79EFBC}") = "FishNet.Example", "FishNet.Example.csproj", "{1FE512CE-6203-C0D7-B97E-2E69A0596A1F}"
EndProject
Project("{FAE04EC0-301F-11D3-BF4B-00C04F79EFBC}") = "FishNet.Codegen.Cecil", "FishNet.Codegen.Cecil.csproj", "{865E449D-A2DD-CCCE-91CA-2CFA3CC0BEB8}"
EndProject
Project("{FAE04EC0-301F-11D3-BF4B-00C04F79EFBC}") = "Unity.FishNet.Codegen", "Unity.FishNet.Codegen.csproj", "{BE1E4B57-E5BD-5237-5A1A-5CB45C2C338E}"
EndProject
Project("{FAE04EC0-301F-11D3-BF4B-00C04F79EFBC}") = "Assembly-CSharp", "Assembly-CSharp.csproj", "{435C7A95-79F5-7CC3-018D-D8A34489A10B}"
EndProject
Global
	GlobalSection(SolutionConfigurationPlatforms) = preSolution
		Debug|Any CPU = Debug|Any CPU
		Release|Any CPU = Release|Any CPU
	EndGlobalSection
	GlobalSection(ProjectConfigurationPlatforms) = postSolution
		{CD95D3E5-21B6-C38C-4186-4F4D5C84B7EC}.Debug|Any CPU.ActiveCfg = Debug|Any CPU
		{CD95D3E5-21B6-C38C-4186-4F4D5C84B7EC}.Debug|Any CPU.Build.0 = Debug|Any CPU
		{CD95D3E5-21B6-C38C-4186-4F4D5C84B7EC}.Release|Any CPU.ActiveCfg = Release|Any CPU
		{CD95D3E5-21B6-C38C-4186-4F4D5C84B7EC}.Release|Any CPU.Build.0 = Release|Any CPU
		{1FE512CE-6203-C0D7-B97E-2E69A0596A1F}.Debug|Any CPU.ActiveCfg = Debug|Any CPU
		{1FE512CE-6203-C0D7-B97E-2E69A0596A1F}.Debug|Any CPU.Build.0 = Debug|Any CPU
		{1FE512CE-6203-C0D7-B97E-2E69A0596A1F}.Release|Any CPU.ActiveCfg = Release|Any CPU
		{1FE512CE-6203-C0D7-B97E-2E69A0596A1F}.Release|Any CPU.Build.0 = Release|Any CPU
		{865E449D-A2DD-CCCE-91CA-2CFA3CC0BEB8}.Debug|Any CPU.ActiveCfg = Debug|Any CPU
		{865E449D-A2DD-CCCE-91CA-2CFA3CC0BEB8}.Debug|Any CPU.Build.0 = Debug|Any CPU
		{865E449D-A2DD-CCCE-91CA-2CFA3CC0BEB8}.Release|Any CPU.ActiveCfg = Release|Any CPU
		{865E449D-A2DD-CCCE-91CA-2CFA3CC0BEB8}.Release|Any CPU.Build.0 = Release|Any CPU
		{BE1E4B57-E5BD-5237-5A1A-5CB45C2C338E}.Debug|Any CPU.ActiveCfg = Debug|Any CPU
		{BE1E4B57-E5BD-5237-5A1A-5CB45C2C338E}.Debug|Any CPU.Build.0 = Debug|Any CPU
		{BE1E4B57-E5BD-5237-5A1A-5CB45C2C338E}.Release|Any CPU.ActiveCfg = Release|Any CPU
		{BE1E4B57-E5BD-5237-5A1A-5CB45C2C338E}.Release|Any CPU.Build.0 = Release|Any CPU
		{435C7A95-79F5-7CC3-018D-D8A34489A10B}.Debug|Any CPU.ActiveCfg = Debug|Any CPU
		{435C7A95-79F5-7CC3-018D-D8A34489A10B}.Debug|Any CPU.Build.0 = Debug|Any CPU
		{435C7A95-79F5-7CC3-018D-D8A34489A10B}.Release|Any CPU.ActiveCfg = Release|Any CPU
		{435C7A95-79F5-7CC3-018D-D8A34489A10B}.Release|Any CPU.Build.0 = Release|Any CPU
	EndGlobalSection
	GlobalSection(SolutionProperties) = preSolution
		HideSolutionNode = FALSE
	EndGlobalSection
EndGlobal
